
Microsoft Visual Studio Solution File, Format Version 12.00
# Visual Studio Version 16
VisualStudioVersion = 16.0.31025.194
MinimumVisualStudioVersion = 10.0.40219.1
Project("{FAE04EC0-301F-11D3-BF4B-00C04F79EFBC}") = "PC_KAB_GROBOGAN", "PC_KAB_GROBOGAN\PC_KAB_GROBOGAN.csproj", "{FEEA04CD-CE82-4990-B6BD-545915A47F87}"
EndProject
Global
	GlobalSection(SolutionConfigurationPlatforms) = preSolution
		Debug|Any CPU = Debug|Any CPU
		Release|Any CPU = Release|Any CPU
	EndGlobalSection
	GlobalSection(ProjectConfigurationPlatforms) = postSolution
		{FEEA04CD-CE82-4990-B6BD-545915A47F87}.Debug|Any CPU.ActiveCfg = Debug|Any CPU
		{FEEA04CD-CE82-4990-B6BD-545915A47F87}.Debug|Any CPU.Build.0 = Debug|Any CPU
		{FEEA04CD-CE82-4990-B6BD-545915A47F87}.Release|Any CPU.ActiveCfg = Release|Any CPU
		{FEEA04CD-CE82-4990-B6BD-545915A47F87}.Release|Any CPU.Build.0 = Release|Any CPU
	EndGlobalSection
	GlobalSection(SolutionProperties) = preSolution
		HideSolutionNode = FALSE
	EndGlobalSection
	GlobalSection(ExtensibilityGlobals) = postSolution
		SolutionGuid = {102BF815-EF6D-41B9-861D-2589A4386A0F}
	EndGlobalSection
EndGlobal
